
Microsoft Visual Studio Solution File, Format Version 12.00
# Visual Studio Version 17
VisualStudioVersion = 17.5.33530.505
MinimumVisualStudioVersion = 10.0.40219.1
Project("{FAE04EC0-301F-11D3-BF4B-00C04F79EFBC}") = "servico-aluno", "servico-aluno.csproj", "{6AFA178C-208B-4CBB-AEDC-804221B309B2}"
EndProject
Global
	GlobalSection(SolutionConfigurationPlatforms) = preSolution
		Debug|Any CPU = Debug|Any CPU
		Release|Any CPU = Release|Any CPU
	EndGlobalSection
	GlobalSection(ProjectConfigurationPlatforms) = postSolution
		{6AFA178C-208B-4CBB-AEDC-804221B309B2}.Debug|Any CPU.ActiveCfg = Debug|Any CPU
		{6AFA178C-208B-4CBB-AEDC-804221B309B2}.Debug|Any CPU.Build.0 = Debug|Any CPU
		{6AFA178C-208B-4CBB-AEDC-804221B309B2}.Release|Any CPU.ActiveCfg = Release|Any CPU
		{6AFA178C-208B-4CBB-AEDC-804221B309B2}.Release|Any CPU.Build.0 = Release|Any CPU
	EndGlobalSection
	GlobalSection(SolutionProperties) = preSolution
		HideSolutionNode = FALSE
	EndGlobalSection
	GlobalSection(ExtensibilityGlobals) = postSolution
		SolutionGuid = {6269B2A6-AF5A-4258-9375-C37421B11F85}
	EndGlobalSection
EndGlobal
